
Microsoft Visual Studio Solution File, Format Version 12.00
# Visual Studio Version 17
VisualStudioVersion = 17.14.36414.22 d17.14
MinimumVisualStudioVersion = 10.0.40219.1
Project("{FAE04EC0-301F-11D3-BF4B-00C04F79EFBC}") = "WebApp3ByAnurag", "WebApp3ByAnurag.csproj", "{E130A109-CF27-4B6D-9AB2-92929928F241}"
EndProject
Global
	GlobalSection(SolutionConfigurationPlatforms) = preSolution
		Debug|Any CPU = Debug|Any CPU
		Release|Any CPU = Release|Any CPU
	EndGlobalSection
	GlobalSection(ProjectConfigurationPlatforms) = postSolution
		{E130A109-CF27-4B6D-9AB2-92929928F241}.Debug|Any CPU.ActiveCfg = Debug|Any CPU
		{E130A109-CF27-4B6D-9AB2-92929928F241}.Debug|Any CPU.Build.0 = Debug|Any CPU
		{E130A109-CF27-4B6D-9AB2-92929928F241}.Release|Any CPU.ActiveCfg = Release|Any CPU
		{E130A109-CF27-4B6D-9AB2-92929928F241}.Release|Any CPU.Build.0 = Release|Any CPU
	EndGlobalSection
	GlobalSection(SolutionProperties) = preSolution
		HideSolutionNode = FALSE
	EndGlobalSection
	GlobalSection(ExtensibilityGlobals) = postSolution
		SolutionGuid = {D9018DBA-6D7B-439D-9AC7-07BE8B5C6FDE}
	EndGlobalSection
EndGlobal
